
Microsoft Visual Studio Solution File, Format Version 12.00
# Visual Studio Version 16
VisualStudioVersion = 16.0.28803.452
MinimumVisualStudioVersion = 10.0.40219.1
Project("{8BC9CEB8-8B4A-11D0-8D11-00A0C91BC942}") = "LOMNHook", "LOMNHook\LOMNHook.vcxproj", "{7791E2E9-5457-424D-B241-61BE67468A1B}"
	ProjectSection(ProjectDependencies) = postProject
		{F142A341-5EE0-442D-A15F-98AE9B48DBAE} = {F142A341-5EE0-442D-A15F-98AE9B48DBAE}
	EndProjectSection
EndProject
Project("{8BC9CEB8-8B4A-11D0-8D11-00A0C91BC942}") = "ExampleHookmod", "ExampleHookmod\ExampleHookmod.vcxproj", "{263F0023-F5E9-44CE-A06B-E9E23C2F142F}"
	ProjectSection(ProjectDependencies) = postProject
		{F142A341-5EE0-442D-A15F-98AE9B48DBAE} = {F142A341-5EE0-442D-A15F-98AE9B48DBAE}
		{7791E2E9-5457-424D-B241-61BE67468A1B} = {7791E2E9-5457-424D-B241-61BE67468A1B}
	EndProjectSection
EndProject
Project("{2150E333-8FDC-42A3-9474-1A3956D46DE8}") = "Mods", "Mods", "{F8BA8CE6-25A7-4D27-9855-AB6A0B4062BC}"
EndProject
Project("{8BC9CEB8-8B4A-11D0-8D11-00A0C91BC942}") = "FramerateLimiter", "FramerateLimiter\FramerateLimiter.vcxproj", "{108C0C76-5BC1-4FB4-911C-A91C8125DD5B}"
	ProjectSection(ProjectDependencies) = postProject
		{F142A341-5EE0-442D-A15F-98AE9B48DBAE} = {F142A341-5EE0-442D-A15F-98AE9B48DBAE}
		{7791E2E9-5457-424D-B241-61BE67468A1B} = {7791E2E9-5457-424D-B241-61BE67468A1B}
	EndProjectSection
EndProject
Project("{8BC9CEB8-8B4A-11D0-8D11-00A0C91BC942}") = "BetterSaver", "BetterSaver\BetterSaver.vcxproj", "{26085CA7-4FAC-48FC-B2BD-70E746FA6430}"
	ProjectSection(ProjectDependencies) = postProject
		{F142A341-5EE0-442D-A15F-98AE9B48DBAE} = {F142A341-5EE0-442D-A15F-98AE9B48DBAE}
		{7791E2E9-5457-424D-B241-61BE67468A1B} = {7791E2E9-5457-424D-B241-61BE67468A1B}
	EndProjectSection
EndProject
Project("{8BC9CEB8-8B4A-11D0-8D11-00A0C91BC942}") = "OptionalPatchNative", "OptionalPatchNative\OptionalPatchNative.vcxproj", "{8A8411EC-5F86-4289-8A94-10ABA8237BFA}"
	ProjectSection(ProjectDependencies) = postProject
		{F142A341-5EE0-442D-A15F-98AE9B48DBAE} = {F142A341-5EE0-442D-A15F-98AE9B48DBAE}
		{7791E2E9-5457-424D-B241-61BE67468A1B} = {7791E2E9-5457-424D-B241-61BE67468A1B}
	EndProjectSection
EndProject
Project("{8BC9CEB8-8B4A-11D0-8D11-00A0C91BC942}") = "libMinHook", "minhook\libMinHook.vcxproj", "{F142A341-5EE0-442D-A15F-98AE9B48DBAE}"
EndProject
Project("{8BC9CEB8-8B4A-11D0-8D11-00A0C91BC942}") = "BetterBink", "BetterBink\BetterBink.vcxproj", "{AD664511-C46C-438B-948B-3BFC5AED54E9}"
	ProjectSection(ProjectDependencies) = postProject
		{F142A341-5EE0-442D-A15F-98AE9B48DBAE} = {F142A341-5EE0-442D-A15F-98AE9B48DBAE}
		{7791E2E9-5457-424D-B241-61BE67468A1B} = {7791E2E9-5457-424D-B241-61BE67468A1B}
	EndProjectSection
EndProject
Global
	GlobalSection(SolutionConfigurationPlatforms) = preSolution
		Alpha Debug|x64 = Alpha Debug|x64
		Alpha Debug|x86 = Alpha Debug|x86
		Alpha Release|x64 = Alpha Release|x64
		Alpha Release|x86 = Alpha Release|x86
		Beta Debug|x64 = Beta Debug|x64
		Beta Debug|x86 = Beta Debug|x86
		Beta Release|x64 = Beta Release|x64
		Beta Release|x86 = Beta Release|x86
	EndGlobalSection
	GlobalSection(ProjectConfigurationPlatforms) = postSolution
		{7791E2E9-5457-424D-B241-61BE67468A1B}.Alpha Debug|x64.ActiveCfg = Alpha Debug|Win32
		{7791E2E9-5457-424D-B241-61BE67468A1B}.Alpha Debug|x86.ActiveCfg = Alpha Debug|Win32
		{7791E2E9-5457-424D-B241-61BE67468A1B}.Alpha Debug|x86.Build.0 = Alpha Debug|Win32
		{7791E2E9-5457-424D-B241-61BE67468A1B}.Alpha Release|x64.ActiveCfg = Alpha Release|Win32
		{7791E2E9-5457-424D-B241-61BE67468A1B}.Alpha Release|x86.ActiveCfg = Alpha Release|Win32
		{7791E2E9-5457-424D-B241-61BE67468A1B}.Alpha Release|x86.Build.0 = Alpha Release|Win32
		{7791E2E9-5457-424D-B241-61BE67468A1B}.Beta Debug|x64.ActiveCfg = Beta Debug|Win32
		{7791E2E9-5457-424D-B241-61BE67468A1B}.Beta Debug|x86.ActiveCfg = Beta Debug|Win32
		{7791E2E9-5457-424D-B241-61BE67468A1B}.Beta Debug|x86.Build.0 = Beta Debug|Win32
		{7791E2E9-5457-424D-B241-61BE67468A1B}.Beta Release|x64.ActiveCfg = Beta Release|Win32
		{7791E2E9-5457-424D-B241-61BE67468A1B}.Beta Release|x86.ActiveCfg = Beta Release|Win32
		{7791E2E9-5457-424D-B241-61BE67468A1B}.Beta Release|x86.Build.0 = Beta Release|Win32
		{263F0023-F5E9-44CE-A06B-E9E23C2F142F}.Alpha Debug|x64.ActiveCfg = Alpha Debug|Win32
		{263F0023-F5E9-44CE-A06B-E9E23C2F142F}.Alpha Debug|x86.ActiveCfg = Alpha Debug|Win32
		{263F0023-F5E9-44CE-A06B-E9E23C2F142F}.Alpha Debug|x86.Build.0 = Alpha Debug|Win32
		{263F0023-F5E9-44CE-A06B-E9E23C2F142F}.Alpha Release|x64.ActiveCfg = Alpha Release|Win32
		{263F0023-F5E9-44CE-A06B-E9E23C2F142F}.Alpha Release|x86.ActiveCfg = Alpha Release|Win32
		{263F0023-F5E9-44CE-A06B-E9E23C2F142F}.Alpha Release|x86.Build.0 = Alpha Release|Win32
		{263F0023-F5E9-44CE-A06B-E9E23C2F142F}.Beta Debug|x64.ActiveCfg = Beta Debug|Win32
		{263F0023-F5E9-44CE-A06B-E9E23C2F142F}.Beta Debug|x86.ActiveCfg = Beta Debug|Win32
		{263F0023-F5E9-44CE-A06B-E9E23C2F142F}.Beta Debug|x86.Build.0 = Beta Debug|Win32
		{263F0023-F5E9-44CE-A06B-E9E23C2F142F}.Beta Release|x64.ActiveCfg = Beta Release|Win32
		{263F0023-F5E9-44CE-A06B-E9E23C2F142F}.Beta Release|x86.ActiveCfg = Beta Release|Win32
		{263F0023-F5E9-44CE-A06B-E9E23C2F142F}.Beta Release|x86.Build.0 = Beta Release|Win32
		{108C0C76-5BC1-4FB4-911C-A91C8125DD5B}.Alpha Debug|x64.ActiveCfg = Alpha Debug|Win32
		{108C0C76-5BC1-4FB4-911C-A91C8125DD5B}.Alpha Debug|x86.ActiveCfg = Alpha Debug|Win32
		{108C0C76-5BC1-4FB4-911C-A91C8125DD5B}.Alpha Debug|x86.Build.0 = Alpha Debug|Win32
		{108C0C76-5BC1-4FB4-911C-A91C8125DD5B}.Alpha Release|x64.ActiveCfg = Alpha Release|Win32
		{108C0C76-5BC1-4FB4-911C-A91C8125DD5B}.Alpha Release|x86.ActiveCfg = Alpha Release|Win32
		{108C0C76-5BC1-4FB4-911C-A91C8125DD5B}.Alpha Release|x86.Build.0 = Alpha Release|Win32
		{108C0C76-5BC1-4FB4-911C-A91C8125DD5B}.Beta Debug|x64.ActiveCfg = Beta Debug|Win32
		{108C0C76-5BC1-4FB4-911C-A91C8125DD5B}.Beta Debug|x86.ActiveCfg = Beta Debug|Win32
		{108C0C76-5BC1-4FB4-911C-A91C8125DD5B}.Beta Debug|x86.Build.0 = Beta Debug|Win32
		{108C0C76-5BC1-4FB4-911C-A91C8125DD5B}.Beta Release|x64.ActiveCfg = Beta Release|Win32
		{108C0C76-5BC1-4FB4-911C-A91C8125DD5B}.Beta Release|x86.ActiveCfg = Beta Release|Win32
		{108C0C76-5BC1-4FB4-911C-A91C8125DD5B}.Beta Release|x86.Build.0 = Beta Release|Win32
		{26085CA7-4FAC-48FC-B2BD-70E746FA6430}.Alpha Debug|x64.ActiveCfg = Alpha Debug|Win32
		{26085CA7-4FAC-48FC-B2BD-70E746FA6430}.Alpha Debug|x86.ActiveCfg = Alpha Debug|Win32
		{26085CA7-4FAC-48FC-B2BD-70E746FA6430}.Alpha Debug|x86.Build.0 = Alpha Debug|Win32
		{26085CA7-4FAC-48FC-B2BD-70E746FA6430}.Alpha Release|x64.ActiveCfg = Alpha Release|Win32
		{26085CA7-4FAC-48FC-B2BD-70E746FA6430}.Alpha Release|x86.ActiveCfg = Alpha Release|Win32
		{26085CA7-4FAC-48FC-B2BD-70E746FA6430}.Alpha Release|x86.Build.0 = Alpha Release|Win32
		{26085CA7-4FAC-48FC-B2BD-70E746FA6430}.Beta Debug|x64.ActiveCfg = Beta Debug|Win32
		{26085CA7-4FAC-48FC-B2BD-70E746FA6430}.Beta Debug|x86.ActiveCfg = Beta Debug|Win32
		{26085CA7-4FAC-48FC-B2BD-70E746FA6430}.Beta Debug|x86.Build.0 = Beta Debug|Win32
		{26085CA7-4FAC-48FC-B2BD-70E746FA6430}.Beta Release|x64.ActiveCfg = Beta Release|Win32
		{26085CA7-4FAC-48FC-B2BD-70E746FA6430}.Beta Release|x86.ActiveCfg = Beta Release|Win32
		{26085CA7-4FAC-48FC-B2BD-70E746FA6430}.Beta Release|x86.Build.0 = Beta Release|Win32
		{8A8411EC-5F86-4289-8A94-10ABA8237BFA}.Alpha Debug|x64.ActiveCfg = Alpha Debug|Win32
		{8A8411EC-5F86-4289-8A94-10ABA8237BFA}.Alpha Debug|x86.ActiveCfg = Alpha Debug|Win32
		{8A8411EC-5F86-4289-8A94-10ABA8237BFA}.Alpha Debug|x86.Build.0 = Alpha Debug|Win32
		{8A8411EC-5F86-4289-8A94-10ABA8237BFA}.Alpha Release|x64.ActiveCfg = Alpha Release|Win32
		{8A8411EC-5F86-4289-8A94-10ABA8237BFA}.Alpha Release|x86.ActiveCfg = Alpha Release|Win32
		{8A8411EC-5F86-4289-8A94-10ABA8237BFA}.Alpha Release|x86.Build.0 = Alpha Release|Win32
		{8A8411EC-5F86-4289-8A94-10ABA8237BFA}.Beta Debug|x64.ActiveCfg = Beta Debug|Win32
		{8A8411EC-5F86-4289-8A94-10ABA8237BFA}.Beta Debug|x86.ActiveCfg = Beta Debug|Win32
		{8A8411EC-5F86-4289-8A94-10ABA8237BFA}.Beta Debug|x86.Build.0 = Beta Debug|Win32
		{8A8411EC-5F86-4289-8A94-10ABA8237BFA}.Beta Release|x64.ActiveCfg = Beta Release|Win32
		{8A8411EC-5F86-4289-8A94-10ABA8237BFA}.Beta Release|x86.ActiveCfg = Beta Release|Win32
		{8A8411EC-5F86-4289-8A94-10ABA8237BFA}.Beta Release|x86.Build.0 = Beta Release|Win32
		{F142A341-5EE0-442D-A15F-98AE9B48DBAE}.Alpha Debug|x64.ActiveCfg = Alpha Debug|Win32
		{F142A341-5EE0-442D-A15F-98AE9B48DBAE}.Alpha Debug|x86.ActiveCfg = Alpha Debug|Win32
		{F142A341-5EE0-442D-A15F-98AE9B48DBAE}.Alpha Debug|x86.Build.0 = Alpha Debug|Win32
		{F142A341-5EE0-442D-A15F-98AE9B48DBAE}.Alpha Release|x64.ActiveCfg = Alpha Release|Win32
		{F142A341-5EE0-442D-A15F-98AE9B48DBAE}.Alpha Release|x86.ActiveCfg = Alpha Release|Win32
		{F142A341-5EE0-442D-A15F-98AE9B48DBAE}.Alpha Release|x86.Build.0 = Alpha Release|Win32
		{F142A341-5EE0-442D-A15F-98AE9B48DBAE}.Beta Debug|x64.ActiveCfg = Beta Debug|Win32
		{F142A341-5EE0-442D-A15F-98AE9B48DBAE}.Beta Debug|x86.ActiveCfg = Beta Debug|Win32
		{F142A341-5EE0-442D-A15F-98AE9B48DBAE}.Beta Debug|x86.Build.0 = Beta Debug|Win32
		{F142A341-5EE0-442D-A15F-98AE9B48DBAE}.Beta Release|x64.ActiveCfg = Beta Release|Win32
		{F142A341-5EE0-442D-A15F-98AE9B48DBAE}.Beta Release|x86.ActiveCfg = Beta Release|Win32
		{F142A341-5EE0-442D-A15F-98AE9B48DBAE}.Beta Release|x86.Build.0 = Beta Release|Win32
		{AD664511-C46C-438B-948B-3BFC5AED54E9}.Alpha Debug|x64.ActiveCfg = Alpha Debug|x64
		{AD664511-C46C-438B-948B-3BFC5AED54E9}.Alpha Debug|x64.Build.0 = Alpha Debug|x64
		{AD664511-C46C-438B-948B-3BFC5AED54E9}.Alpha Debug|x86.ActiveCfg = Alpha Debug|Win32
		{AD664511-C46C-438B-948B-3BFC5AED54E9}.Alpha Debug|x86.Build.0 = Alpha Debug|Win32
		{AD664511-C46C-438B-948B-3BFC5AED54E9}.Alpha Release|x64.ActiveCfg = Alpha Release|x64
		{AD664511-C46C-438B-948B-3BFC5AED54E9}.Alpha Release|x64.Build.0 = Alpha Release|x64
		{AD664511-C46C-438B-948B-3BFC5AED54E9}.Alpha Release|x86.ActiveCfg = Alpha Release|Win32
		{AD664511-C46C-438B-948B-3BFC5AED54E9}.Alpha Release|x86.Build.0 = Alpha Release|Win32
		{AD664511-C46C-438B-948B-3BFC5AED54E9}.Beta Debug|x64.ActiveCfg = Beta Debug|x64
		{AD664511-C46C-438B-948B-3BFC5AED54E9}.Beta Debug|x64.Build.0 = Beta Debug|x64
		{AD664511-C46C-438B-948B-3BFC5AED54E9}.Beta Debug|x86.ActiveCfg = Beta Debug|Win32
		{AD664511-C46C-438B-948B-3BFC5AED54E9}.Beta Debug|x86.Build.0 = Beta Debug|Win32
		{AD664511-C46C-438B-948B-3BFC5AED54E9}.Beta Release|x64.ActiveCfg = Beta Release|x64
		{AD664511-C46C-438B-948B-3BFC5AED54E9}.Beta Release|x64.Build.0 = Beta Release|x64
		{AD664511-C46C-438B-948B-3BFC5AED54E9}.Beta Release|x86.ActiveCfg = Beta Release|Win32
		{AD664511-C46C-438B-948B-3BFC5AED54E9}.Beta Release|x86.Build.0 = Beta Release|Win32
	EndGlobalSection
	GlobalSection(SolutionProperties) = preSolution
		HideSolutionNode = FALSE
	EndGlobalSection
	GlobalSection(NestedProjects) = preSolution
		{263F0023-F5E9-44CE-A06B-E9E23C2F142F} = {F8BA8CE6-25A7-4D27-9855-AB6A0B4062BC}
		{108C0C76-5BC1-4FB4-911C-A91C8125DD5B} = {F8BA8CE6-25A7-4D27-9855-AB6A0B4062BC}
		{26085CA7-4FAC-48FC-B2BD-70E746FA6430} = {F8BA8CE6-25A7-4D27-9855-AB6A0B4062BC}
		{8A8411EC-5F86-4289-8A94-10ABA8237BFA} = {F8BA8CE6-25A7-4D27-9855-AB6A0B4062BC}
		{AD664511-C46C-438B-948B-3BFC5AED54E9} = {F8BA8CE6-25A7-4D27-9855-AB6A0B4062BC}
	EndGlobalSection
	GlobalSection(ExtensibilityGlobals) = postSolution
		SolutionGuid = {178C98A1-29DA-4E34-8D8E-D392F9AACDDD}
	EndGlobalSection
EndGlobal
