<?xml version="1.0" encoding="utf-8"?>
<Project ToolsVersion="4.0" xmlns="http://schemas.microsoft.com/developer/msbuild/2003">
  <ItemGroup>
    <Filter Include="Source Files">
      <UniqueIdentifier>{4FC737F1-C7A5-4376-A066-2A32D752A2FF}</UniqueIdentifier>
      <Extensions>cpp;c;cc;cxx;def;odl;idl;hpj;bat;asm;asmx</Extensions>
    </Filter>
    <Filter Include="Header Files">
      <UniqueIdentifier>{93995380-89BD-4b04-88EB-625FBE52EBFB}</UniqueIdentifier>
      <Extensions>h;hh;hpp;hxx;hm;inl;inc;ipp;xsd</Extensions>
    </Filter>
    <Filter Include="Resource Files">
      <UniqueIdentifier>{67DA6AB6-F800-4c08-8B7A-83BB121AAD01}</UniqueIdentifier>
      <Extensions>rc;ico;cur;bmp;dlg;rc2;rct;bin;rgs;gif;jpg;jpeg;jpe;resx;tiff;tif;png;wav;mfcribbon-ms</Extensions>
    </Filter>
  </ItemGroup>
  <ItemGroup>
    <ClInclude Include="include\HookMod.h">
      <Filter>Header Files</Filter>
    </ClInclude>
    <ClInclude Include="include\Native\ScProcess.h">
      <Filter>Header Files</Filter>
    </ClInclude>
    <ClInclude Include="src\LOMNHook.h">
      <Filter>Header Files</Filter>
    </ClInclude>
    <ClInclude Include="src\stdafx.h">
      <Filter>Header Files</Filter>
    </ClInclude>
    <ClInclude Include="src\targetver.h">
      <Filter>Header Files</Filter>
    </ClInclude>
    <ClInclude Include="include\Native\Vector.h">
      <Filter>Header Files</Filter>
    </ClInclude>
    <ClInclude Include="include\LOMNAPI.h">
      <Filter>Header Files</Filter>
    </ClInclude>
    <ClInclude Include="include\Native\_ScBaseString.h">
      <Filter>Header Files</Filter>
    </ClInclude>
    <ClInclude Include="include\Native\ScOSIVariant.h">
      <Filter>Header Files</Filter>
    </ClInclude>
    <ClInclude Include="include\OSIUtil.h">
      <Filter>Header Files</Filter>
    </ClInclude>
    <ClInclude Include="include\Native\StRGBABytes.h">
      <Filter>Header Files</Filter>
    </ClInclude>
    <ClInclude Include="include\Native\ScFastColor.h">
      <Filter>Header Files</Filter>
    </ClInclude>
  </ItemGroup>
  <ItemGroup>
    <ClCompile Include="src\Native\ScProcess.cpp">
      <Filter>Source Files</Filter>
    </ClCompile>
    <ClCompile Include="src\dllmain.cpp">
      <Filter>Source Files</Filter>
    </ClCompile>
    <ClCompile Include="src\ijl15.cpp">
      <Filter>Source Files</Filter>
    </ClCompile>
    <ClCompile Include="src\LOMNHook.cpp">
      <Filter>Source Files</Filter>
    </ClCompile>
    <ClCompile Include="src\stdafx.cpp">
      <Filter>Source Files</Filter>
    </ClCompile>
    <ClCompile Include="src\Native\_ScBaseString.cpp">
      <Filter>Source Files</Filter>
    </ClCompile>
    <ClCompile Include="src\Native\ScOSIVariant.cpp">
      <Filter>Source Files</Filter>
    </ClCompile>
    <ClCompile Include="src\OSIUtil.cpp">
      <Filter>Source Files</Filter>
    </ClCompile>
    <ClCompile Include="src\LOMNAPI.cpp">
      <Filter>Source Files</Filter>
    </ClCompile>
    <ClCompile Include="src\Native\StRGBABytes.cpp">
      <Filter>Source Files</Filter>
    </ClCompile>
    <ClCompile Include="src\Native\ScFastColor.cpp">
      <Filter>Source Files</Filter>
    </ClCompile>
  </ItemGroup>
  <ItemGroup>
    <None Include="readme.md" />
    <None Include="src\ijl15.def">
      <Filter>Source Files</Filter>
    </None>
  </ItemGroup>
</Project>